{
  "version": 4,
  "terraform_version": "1.7.4",
  "serial": 6,
  "lineage": "1e0acd46-cb99-39b1-09eb-fffed19b91d1",
  "outputs": {
    "eip": {
      "value": "44.206.195.143",
      "type": "string"
    }
  },
  "resources": [
    {
      "mode": "data",
      "type": "aws_ami",
      "name": "latest_amazon_linux",
      "provider": "provider[\"registry.terraform.io/hashicorp/aws\"]",
      "instances": [
        {
          "schema_version": 0,
          "attributes": {
            "architecture": "x86_64",
            "arn": "arn:aws:ec2:us-east-1::image/ami-0bef12ee7bc073414",
            "block_device_mappings": [
              {
                "device_name": "/dev/xvda",
                "ebs": {
                  "delete_on_termination": "true",
                  "encrypted": "false",
                  "iops": "0",
                  "snapshot_id": "snap-036743964f3e65c67",
                  "throughput": "0",
                  "volume_size": "8",
                  "volume_type": "gp2"
                },
                "no_device": "",
                "virtual_name": ""
              }
            ],
            "boot_mode": "",
            "creation_date": "2024-03-07T20:04:50.000Z",
            "deprecation_time": "2025-07-01T00:00:00.000Z",
            "description": "Amazon Linux 2 AMI 2.0.20240306.2 x86_64 HVM gp2",
            "ena_support": true,
            "executable_users": null,
            "filter": [
              {
                "name": "name",
                "values": [
                  "amzn2-ami-hvm-*-x86_64-gp2"
                ]
              }
            ],
            "hypervisor": "xen",
            "id": "ami-0bef12ee7bc073414",
            "image_id": "ami-0bef12ee7bc073414",
            "image_location": "amazon/amzn2-ami-hvm-2.0.20240306.2-x86_64-gp2",
            "image_owner_alias": "amazon",
            "image_type": "machine",
            "imds_support": "",
            "include_deprecated": false,
            "kernel_id": "",
            "most_recent": true,
            "name": "amzn2-ami-hvm-2.0.20240306.2-x86_64-gp2",
            "name_regex": null,
            "owner_id": "137112412989",
            "owners": [
              "amazon"
            ],
            "platform": "",
            "platform_details": "Linux/UNIX",
            "product_codes": [],
            "public": true,
            "ramdisk_id": "",
            "root_device_name": "/dev/xvda",
            "root_device_type": "ebs",
            "root_snapshot_id": "snap-036743964f3e65c67",
            "sriov_net_support": "simple",
            "state": "available",
            "state_reason": {
              "code": "UNSET",
              "message": "UNSET"
            },
            "tags": {},
            "timeouts": null,
            "tpm_support": "",
            "usage_operation": "RunInstances",
            "virtualization_type": "hvm"
          },
          "sensitive_attributes": []
        }
      ]
    },
    {
      "mode": "data",
      "type": "aws_availability_zones",
      "name": "available",
      "provider": "provider[\"registry.terraform.io/hashicorp/aws\"]",
      "instances": [
        {
          "schema_version": 0,
          "attributes": {
            "all_availability_zones": null,
            "exclude_names": null,
            "exclude_zone_ids": null,
            "filter": null,
            "group_names": [
              "us-east-1"
            ],
            "id": "us-east-1",
            "names": [
              "us-east-1a",
              "us-east-1b",
              "us-east-1c",
              "us-east-1d",
              "us-east-1e",
              "us-east-1f"
            ],
            "state": "available",
            "timeouts": null,
            "zone_ids": [
              "use1-az6",
              "use1-az1",
              "use1-az2",
              "use1-az4",
              "use1-az3",
              "use1-az5"
            ]
          },
          "sensitive_attributes": []
        }
      ]
    },
    {
      "mode": "data",
      "type": "aws_iam_instance_profile",
      "name": "lab_profile",
      "provider": "provider[\"registry.terraform.io/hashicorp/aws\"]",
      "instances": [
        {
          "schema_version": 0,
          "attributes": {
            "arn": "arn:aws:iam::055686730858:instance-profile/LabInstanceProfile",
            "create_date": "2024-03-08 19:07:18 +0000 UTC",
            "id": "AIPAQZ5ZQCRVAMVKO4QIQ",
            "name": "LabInstanceProfile",
            "path": "/",
            "role_arn": "arn:aws:iam::055686730858:role/LabRole",
            "role_id": "AROAQZ5ZQCRVC23POTDL4",
            "role_name": "LabRole"
          },
          "sensitive_attributes": []
        }
      ]
    },
    {
      "mode": "data",
      "type": "aws_vpc",
      "name": "default",
      "provider": "provider[\"registry.terraform.io/hashicorp/aws\"]",
      "instances": [
        {
          "schema_version": 0,
          "attributes": {
            "arn": "arn:aws:ec2:us-east-1:055686730858:vpc/vpc-0b05cf011471f47fa",
            "cidr_block": "172.31.0.0/16",
            "cidr_block_associations": [
              {
                "association_id": "vpc-cidr-assoc-04b0f8d985e631c1d",
                "cidr_block": "172.31.0.0/16",
                "state": "associated"
              }
            ],
            "default": true,
            "dhcp_options_id": "dopt-0d2a5bcc8b4df6c69",
            "enable_dns_hostnames": true,
            "enable_dns_support": true,
            "enable_network_address_usage_metrics": false,
            "filter": null,
            "id": "vpc-0b05cf011471f47fa",
            "instance_tenancy": "default",
            "ipv6_association_id": "",
            "ipv6_cidr_block": "",
            "main_route_table_id": "rtb-0f6180843d28ce11e",
            "owner_id": "055686730858",
            "state": null,
            "tags": {},
            "timeouts": null
          },
          "sensitive_attributes": []
        }
      ]
    },
    {
      "mode": "managed",
      "type": "aws_eip",
      "name": "static_eip",
      "provider": "provider[\"registry.terraform.io/hashicorp/aws\"]",
      "instances": [
        {
          "schema_version": 0,
          "attributes": {
            "address": null,
            "allocation_id": "eipalloc-09d6d50bfaef255ba",
            "associate_with_private_ip": null,
            "association_id": "eipassoc-0e43e4f32509249f2",
            "carrier_ip": "",
            "customer_owned_ip": "",
            "customer_owned_ipv4_pool": "",
            "domain": "vpc",
            "id": "eipalloc-09d6d50bfaef255ba",
            "instance": "i-02994b4e4a28cf9e0",
            "network_border_group": "us-east-1",
            "network_interface": "eni-0b84fa5664b7295a0",
            "private_dns": "ip-172-31-39-82.ec2.internal",
            "private_ip": "172.31.39.82",
            "public_dns": "ec2-44-206-195-143.compute-1.amazonaws.com",
            "public_ip": "44.206.195.143",
            "public_ipv4_pool": "amazon",
            "tags": {
              "App": "Web",
              "Name": "A1-dev-eip",
              "Owner": "AssignmentDocker",
              "Project": "CLO835",
              "env": "dev"
            },
            "tags_all": {
              "App": "Web",
              "Name": "A1-dev-eip",
              "Owner": "AssignmentDocker",
              "Project": "CLO835",
              "env": "dev"
            },
            "timeouts": null,
            "vpc": true
          },
          "sensitive_attributes": [],
          "private": "eyJlMmJmYjczMC1lY2FhLTExZTYtOGY4OC0zNDM2M2JjN2M0YzAiOnsiZGVsZXRlIjoxODAwMDAwMDAwMDAsInJlYWQiOjkwMDAwMDAwMDAwMCwidXBkYXRlIjozMDAwMDAwMDAwMDB9fQ==",
          "dependencies": [
            "aws_instance.my_amazon",
            "aws_key_pair.my_key",
            "aws_security_group.my_sg",
            "data.aws_ami.latest_amazon_linux",
            "data.aws_iam_instance_profile.lab_profile",
            "data.aws_vpc.default"
          ]
        }
      ]
    },
    {
      "mode": "managed",
      "type": "aws_instance",
      "name": "my_amazon",
      "provider": "provider[\"registry.terraform.io/hashicorp/aws\"]",
      "instances": [
        {
          "schema_version": 1,
          "attributes": {
            "ami": "ami-0bef12ee7bc073414",
            "arn": "arn:aws:ec2:us-east-1:055686730858:instance/i-02994b4e4a28cf9e0",
            "associate_public_ip_address": true,
            "availability_zone": "us-east-1a",
            "capacity_reservation_specification": [
              {
                "capacity_reservation_preference": "open",
                "capacity_reservation_target": []
              }
            ],
            "cpu_core_count": 1,
            "cpu_options": [
              {
                "amd_sev_snp": "",
                "core_count": 1,
                "threads_per_core": 1
              }
            ],
            "cpu_threads_per_core": 1,
            "credit_specification": [
              {
                "cpu_credits": "standard"
              }
            ],
            "disable_api_stop": false,
            "disable_api_termination": false,
            "ebs_block_device": [],
            "ebs_optimized": false,
            "enclave_options": [
              {
                "enabled": false
              }
            ],
            "ephemeral_block_device": [],
            "get_password_data": false,
            "hibernation": false,
            "host_id": "",
            "host_resource_group_arn": null,
            "iam_instance_profile": "LabInstanceProfile",
            "id": "i-02994b4e4a28cf9e0",
            "instance_initiated_shutdown_behavior": "stop",
            "instance_lifecycle": "",
            "instance_market_options": [],
            "instance_state": "running",
            "instance_type": "t2.micro",
            "ipv6_address_count": 0,
            "ipv6_addresses": [],
            "key_name": "A1-dev",
            "launch_template": [],
            "maintenance_options": [
              {
                "auto_recovery": "default"
              }
            ],
            "metadata_options": [
              {
                "http_endpoint": "enabled",
                "http_protocol_ipv6": "disabled",
                "http_put_response_hop_limit": 1,
                "http_tokens": "optional",
                "instance_metadata_tags": "disabled"
              }
            ],
            "monitoring": false,
            "network_interface": [],
            "outpost_arn": "",
            "password_data": "",
            "placement_group": "",
            "placement_partition_number": 0,
            "primary_network_interface_id": "eni-0b84fa5664b7295a0",
            "private_dns": "ip-172-31-39-82.ec2.internal",
            "private_dns_name_options": [
              {
                "enable_resource_name_dns_a_record": false,
                "enable_resource_name_dns_aaaa_record": false,
                "hostname_type": "ip-name"
              }
            ],
            "private_ip": "172.31.39.82",
            "public_dns": "ec2-3-92-71-13.compute-1.amazonaws.com",
            "public_ip": "3.92.71.13",
            "root_block_device": [
              {
                "delete_on_termination": true,
                "device_name": "/dev/xvda",
                "encrypted": false,
                "iops": 100,
                "kms_key_id": "",
                "tags": {},
                "tags_all": {},
                "throughput": 0,
                "volume_id": "vol-02b1521bf74e95883",
                "volume_size": 8,
                "volume_type": "gp2"
              }
            ],
            "secondary_private_ips": [],
            "security_groups": [
              "allow_ssh"
            ],
            "source_dest_check": true,
            "spot_instance_request_id": "",
            "subnet_id": "subnet-09e4207872f22c931",
            "tags": {
              "App": "Web",
              "Name": "A1-dev-Amazon-Linux",
              "Owner": "AssignmentDocker",
              "Project": "CLO835",
              "env": "dev"
            },
            "tags_all": {
              "App": "Web",
              "Name": "A1-dev-Amazon-Linux",
              "Owner": "AssignmentDocker",
              "Project": "CLO835",
              "env": "dev"
            },
            "tenancy": "default",
            "timeouts": null,
            "user_data": "9a1e95fbf5e20ac473f8451dec499bf3847c19ff",
            "user_data_base64": null,
            "user_data_replace_on_change": false,
            "volume_tags": null,
            "vpc_security_group_ids": [
              "sg-08afb9ba631919dbf"
            ]
          },
          "sensitive_attributes": [],
          "private": "eyJlMmJmYjczMC1lY2FhLTExZTYtOGY4OC0zNDM2M2JjN2M0YzAiOnsiY3JlYXRlIjo2MDAwMDAwMDAwMDAsImRlbGV0ZSI6MTIwMDAwMDAwMDAwMCwicmVhZCI6OTAwMDAwMDAwMDAwLCJ1cGRhdGUiOjYwMDAwMDAwMDAwMH0sInNjaGVtYV92ZXJzaW9uIjoiMSJ9",
          "dependencies": [
            "aws_key_pair.my_key",
            "aws_security_group.my_sg",
            "data.aws_ami.latest_amazon_linux",
            "data.aws_iam_instance_profile.lab_profile",
            "data.aws_vpc.default"
          ],
          "create_before_destroy": true
        }
      ]
    },
    {
      "mode": "managed",
      "type": "aws_key_pair",
      "name": "my_key",
      "provider": "provider[\"registry.terraform.io/hashicorp/aws\"]",
      "instances": [
        {
          "schema_version": 1,
          "attributes": {
            "arn": "arn:aws:ec2:us-east-1:055686730858:key-pair/A1-dev",
            "fingerprint": "ba:83:5f:c2:08:70:8f:fc:d2:c8:50:b2:78:1c:a5:ca",
            "id": "A1-dev",
            "key_name": "A1-dev",
            "key_name_prefix": "",
            "key_pair_id": "key-035e00aca852d90e4",
            "key_type": "rsa",
            "public_key": "ssh-rsa AAAAB3NzaC1yc2EAAAADAQABAAABgQDkTS022a3GnpMI2zmO6gFIIoaj1dnxEJAw/HAGcttuEw5iizJv8R0e7U6bLXTLWI9oqoSfq3Y1hbEOuhfV2nkssg35OSDKiYqmR2qfzamFAoIQ2RbgBUKjkRFJEcQBCT5dvzrHrIxJQnjtew1ARrUcMSOL5lY+DSfyQBLJMIh39xAl92ixI5peAezuFg/kgYxkFYFerlIyh0x405Cjdj9VVAnz0Xpckc4pUNiBcFUtI0v0hNTX0WvSen6BrtphZx/03ENFC5QQypPNGB3BYHigTC7Y2WLquPohD90xhEkbF4Fj/evmSPwWPWHhQj4QFIIudQ+9ZteNffn2qVtxXJYapUkc5onQq+q44tW8y7HGasYKBW/Lq1naKqEPEKDTCknrkzTdwLfqW/zXvbwFNkBYmQvITsgjRV3X7BJAAJwqyQp8dAwrOUFfc5s+XyT/bs6vMboNxMgQGZ+zkfQvs26YuiVwnukGyR70uH02xL6EXdtPpKvLBJFO3eY364TTI/k= ec2-user@ip-172-31-88-130.ec2.internal",
            "tags": null,
            "tags_all": {}
          },
          "sensitive_attributes": [],
          "private": "eyJzY2hlbWFfdmVyc2lvbiI6IjEifQ==",
          "create_before_destroy": true
        }
      ]
    },
    {
      "mode": "managed",
      "type": "aws_security_group",
      "name": "my_sg",
      "provider": "provider[\"registry.terraform.io/hashicorp/aws\"]",
      "instances": [
        {
          "schema_version": 1,
          "attributes": {
            "arn": "arn:aws:ec2:us-east-1:055686730858:security-group/sg-08afb9ba631919dbf",
            "description": "Allow inbound SSH and HTTP traffic",
            "egress": [
              {
                "cidr_blocks": [
                  "0.0.0.0/0"
                ],
                "description": "",
                "from_port": 0,
                "ipv6_cidr_blocks": [
                  "::/0"
                ],
                "prefix_list_ids": [],
                "protocol": "-1",
                "security_groups": [],
                "self": false,
                "to_port": 0
              }
            ],
            "id": "sg-08afb9ba631919dbf",
            "ingress": [
              {
                "cidr_blocks": [
                  "0.0.0.0/0"
                ],
                "description": "",
                "from_port": 8081,
                "ipv6_cidr_blocks": [],
                "prefix_list_ids": [],
                "protocol": "tcp",
                "security_groups": [],
                "self": false,
                "to_port": 8081
              },
              {
                "cidr_blocks": [
                  "0.0.0.0/0"
                ],
                "description": "",
                "from_port": 8082,
                "ipv6_cidr_blocks": [],
                "prefix_list_ids": [],
                "protocol": "tcp",
                "security_groups": [],
                "self": false,
                "to_port": 8082
              },
              {
                "cidr_blocks": [
                  "0.0.0.0/0"
                ],
                "description": "",
                "from_port": 8083,
                "ipv6_cidr_blocks": [],
                "prefix_list_ids": [],
                "protocol": "tcp",
                "security_groups": [],
                "self": false,
                "to_port": 8083
              },
              {
                "cidr_blocks": [
                  "0.0.0.0/0"
                ],
                "description": "",
                "from_port": 80,
                "ipv6_cidr_blocks": [],
                "prefix_list_ids": [],
                "protocol": "tcp",
                "security_groups": [],
                "self": false,
                "to_port": 80
              },
              {
                "cidr_blocks": [
                  "0.0.0.0/0"
                ],
                "description": "SSH from everywhere",
                "from_port": 22,
                "ipv6_cidr_blocks": [
                  "::/0"
                ],
                "prefix_list_ids": [],
                "protocol": "tcp",
                "security_groups": [],
                "self": false,
                "to_port": 22
              }
            ],
            "name": "allow_ssh",
            "name_prefix": "",
            "owner_id": "055686730858",
            "revoke_rules_on_delete": false,
            "tags": {
              "App": "Web",
              "Name": "A1-dev-sg",
              "Owner": "AssignmentDocker",
              "Project": "CLO835",
              "env": "dev"
            },
            "tags_all": {
              "App": "Web",
              "Name": "A1-dev-sg",
              "Owner": "AssignmentDocker",
              "Project": "CLO835",
              "env": "dev"
            },
            "timeouts": null,
            "vpc_id": "vpc-0b05cf011471f47fa"
          },
          "sensitive_attributes": [],
          "private": "eyJlMmJmYjczMC1lY2FhLTExZTYtOGY4OC0zNDM2M2JjN2M0YzAiOnsiY3JlYXRlIjo2MDAwMDAwMDAwMDAsImRlbGV0ZSI6OTAwMDAwMDAwMDAwfSwic2NoZW1hX3ZlcnNpb24iOiIxIn0=",
          "dependencies": [
            "data.aws_vpc.default"
          ],
          "create_before_destroy": true
        }
      ]
    }
  ],
  "check_results": null
}
